
Microsoft Visual Studio Solution File, Format Version 12.00
# Visual Studio Version 16
VisualStudioVersion = 16.0.29519.87
MinimumVisualStudioVersion = 10.0.40219.1
Project("{FAE04EC0-301F-11D3-BF4B-00C04F79EFBC}") = "RunningFred", "RunningFred.csproj", "{3776EE08-6B6F-4E3A-8F75-B3473834290E}"
EndProject
Global
	GlobalSection(SolutionConfigurationPlatforms) = preSolution
		Debug|Any CPU = Debug|Any CPU
		Release|Any CPU = Release|Any CPU
	EndGlobalSection
	GlobalSection(ProjectConfigurationPlatforms) = postSolution
		{3776EE08-6B6F-4E3A-8F75-B3473834290E}.Debug|Any CPU.ActiveCfg = Debug|Any CPU
		{3776EE08-6B6F-4E3A-8F75-B3473834290E}.Debug|Any CPU.Build.0 = Debug|Any CPU
		{3776EE08-6B6F-4E3A-8F75-B3473834290E}.Release|Any CPU.ActiveCfg = Release|Any CPU
		{3776EE08-6B6F-4E3A-8F75-B3473834290E}.Release|Any CPU.Build.0 = Release|Any CPU
	EndGlobalSection
	GlobalSection(SolutionProperties) = preSolution
		HideSolutionNode = FALSE
	EndGlobalSection
	GlobalSection(ExtensibilityGlobals) = postSolution
		SolutionGuid = {AA262FF4-C2B2-4984-A918-BC0975D19271}
	EndGlobalSection
EndGlobal
